{
  "version": 4,
  "terraform_version": "0.12.24",
  "serial": 15,
  "lineage": "92ef26cc-7282-6a63-4bc2-ff6f2d0e44b8",
  "outputs": {},
  "resources": [
    {
      "module": "module.gke",
      "mode": "data",
      "type": "google_client_config",
      "name": "default",
      "provider": "provider.google",
      "instances": [
        {
          "schema_version": 0,
          "attributes": {
            "access_token": "ya29.c.KpQBxQfGdKM6Sf1UWb6wcZNisOs0VTsCIJyKfjR5D-jdcnbgikyfIXX1vtp5rb07cH779zlVetzJtmAVkwICzqNIINmS2i6CHBIRFP9LTCRtAORUVxrJgGYFvMxY0LLxG4nL7JyDRpEMpEogM9oqQidtZdoQLKh3fGUlL2DmBn0H9itlbex2v0b7MQphfgC2g0No0mOnJw",
            "id": "2020-04-07 04:52:49.373098 +0000 UTC",
            "project": "digital-well-263405",
            "region": "us-west2",
            "zone": ""
          }
        }
      ]
    },
    {
      "module": "module.gke",
      "mode": "data",
      "type": "google_compute_network",
      "name": "gke_network",
      "provider": "provider.google",
      "instances": [
        {
          "schema_version": 0,
          "attributes": {
            "description": "Default network for the project",
            "gateway_ipv4": "",
            "id": "default",
            "name": "default",
            "project": "digital-well-263405",
            "self_link": "https://www.googleapis.com/compute/v1/projects/digital-well-263405/global/networks/default",
            "subnetworks_self_links": [
              "https://www.googleapis.com/compute/v1/projects/digital-well-263405/regions/northamerica-northeast1/subnetworks/default",
              "https://www.googleapis.com/compute/v1/projects/digital-well-263405/regions/asia-southeast1/subnetworks/default",
              "https://www.googleapis.com/compute/v1/projects/digital-well-263405/regions/europe-west6/subnetworks/default",
              "https://www.googleapis.com/compute/v1/projects/digital-well-263405/regions/asia-east1/subnetworks/default",
              "https://www.googleapis.com/compute/v1/projects/digital-well-263405/regions/us-west4/subnetworks/default",
              "https://www.googleapis.com/compute/v1/projects/digital-well-263405/regions/asia-northeast1/subnetworks/default",
              "https://www.googleapis.com/compute/v1/projects/digital-well-263405/regions/us-central1/subnetworks/default",
              "https://www.googleapis.com/compute/v1/projects/digital-well-263405/regions/us-west2/subnetworks/default",
              "https://www.googleapis.com/compute/v1/projects/digital-well-263405/regions/europe-west3/subnetworks/default",
              "https://www.googleapis.com/compute/v1/projects/digital-well-263405/regions/us-west3/subnetworks/default",
              "https://www.googleapis.com/compute/v1/projects/digital-well-263405/regions/us-east1/subnetworks/default",
              "https://www.googleapis.com/compute/v1/projects/digital-well-263405/regions/europe-west2/subnetworks/default",
              "https://www.googleapis.com/compute/v1/projects/digital-well-263405/regions/europe-west1/subnetworks/default",
              "https://www.googleapis.com/compute/v1/projects/digital-well-263405/regions/asia-northeast3/subnetworks/default",
              "https://www.googleapis.com/compute/v1/projects/digital-well-263405/regions/us-west1/subnetworks/default",
              "https://www.googleapis.com/compute/v1/projects/digital-well-263405/regions/asia-east2/subnetworks/default",
              "https://www.googleapis.com/compute/v1/projects/digital-well-263405/regions/southamerica-east1/subnetworks/default",
              "https://www.googleapis.com/compute/v1/projects/digital-well-263405/regions/australia-southeast1/subnetworks/default",
              "https://www.googleapis.com/compute/v1/projects/digital-well-263405/regions/europe-north1/subnetworks/default",
              "https://www.googleapis.com/compute/v1/projects/digital-well-263405/regions/europe-west4/subnetworks/default",
              "https://www.googleapis.com/compute/v1/projects/digital-well-263405/regions/asia-northeast2/subnetworks/default",
              "https://www.googleapis.com/compute/v1/projects/digital-well-263405/regions/asia-south1/subnetworks/default",
              "https://www.googleapis.com/compute/v1/projects/digital-well-263405/regions/us-east4/subnetworks/default"
            ]
          }
        }
      ]
    },
    {
      "module": "module.gke",
      "mode": "data",
      "type": "google_compute_subnetwork",
      "name": "gke_subnetwork",
      "provider": "provider.google",
      "instances": [
        {
          "schema_version": 0,
          "attributes": {
            "description": "",
            "gateway_address": "10.168.0.1",
            "id": "us-west2/default",
            "ip_cidr_range": "10.168.0.0/20",
            "name": "default",
            "network": "https://www.googleapis.com/compute/v1/projects/digital-well-263405/global/networks/default",
            "private_ip_google_access": false,
            "project": "digital-well-263405",
            "region": "us-west2",
            "secondary_ip_range": [],
            "self_link": "https://www.googleapis.com/compute/v1/projects/digital-well-263405/regions/us-west2/subnetworks/default"
          }
        }
      ]
    },
    {
      "module": "module.gke",
      "mode": "data",
      "type": "google_compute_zones",
      "name": "available",
      "provider": "provider.google",
      "instances": [
        {
          "schema_version": 0,
          "attributes": {
            "id": "2020-04-07 04:52:50.279391 +0000 UTC",
            "names": [
              "us-west2-a",
              "us-west2-b",
              "us-west2-c"
            ],
            "project": "digital-well-263405",
            "region": "us-west2",
            "status": null
          }
        }
      ]
    },
    {
      "module": "module.gke",
      "mode": "data",
      "type": "google_container_engine_versions",
      "name": "region",
      "provider": "provider.google",
      "instances": [
        {
          "schema_version": 0,
          "attributes": {
            "default_cluster_version": "1.14.10-gke.27",
            "id": "2020-04-07 04:52:50.211878 +0000 UTC",
            "latest_master_version": "1.15.11-gke.3",
            "latest_node_version": "1.15.11-gke.3",
            "location": "us-west2",
            "project": "digital-well-263405",
            "region": null,
            "valid_master_versions": [
              "1.15.11-gke.3",
              "1.15.11-gke.1",
              "1.15.9-gke.26",
              "1.15.9-gke.24",
              "1.14.10-gke.34",
              "1.14.10-gke.32",
              "1.14.10-gke.31",
              "1.14.10-gke.27"
            ],
            "valid_node_versions": [
              "1.15.11-gke.3",
              "1.15.11-gke.1",
              "1.15.9-gke.26",
              "1.15.9-gke.24",
              "1.15.9-gke.22",
              "1.15.9-gke.12",
              "1.15.9-gke.9",
              "1.15.9-gke.8",
              "1.15.8-gke.3",
              "1.15.8-gke.2",
              "1.15.7-gke.23",
              "1.15.7-gke.2",
              "1.15.4-gke.22",
              "1.14.10-gke.34",
              "1.14.10-gke.32",
              "1.14.10-gke.31",
              "1.14.10-gke.27",
              "1.14.10-gke.24",
              "1.14.10-gke.22",
              "1.14.10-gke.21",
              "1.14.10-gke.17",
              "1.14.10-gke.0",
              "1.14.9-gke.23",
              "1.14.9-gke.2",
              "1.14.9-gke.0",
              "1.14.8-gke.33",
              "1.14.8-gke.21",
              "1.14.8-gke.18",
              "1.14.8-gke.17",
              "1.14.8-gke.14",
              "1.14.8-gke.12",
              "1.14.8-gke.7",
              "1.14.8-gke.2",
              "1.14.7-gke.40",
              "1.14.7-gke.25",
              "1.14.7-gke.23",
              "1.14.7-gke.17",
              "1.14.7-gke.14",
              "1.14.7-gke.10",
              "1.14.6-gke.13",
              "1.14.6-gke.2",
              "1.14.6-gke.1",
              "1.14.3-gke.11",
              "1.14.3-gke.10",
              "1.14.3-gke.9",
              "1.14.2-gke.9",
              "1.14.1-gke.5",
              "1.13.12-gke.30",
              "1.13.12-gke.25",
              "1.13.12-gke.17",
              "1.13.12-gke.16",
              "1.13.12-gke.14",
              "1.13.12-gke.13",
              "1.13.12-gke.10",
              "1.13.12-gke.8",
              "1.13.12-gke.4",
              "1.13.12-gke.2",
              "1.13.11-gke.23",
              "1.13.11-gke.15",
              "1.13.11-gke.14",
              "1.13.11-gke.12",
              "1.13.11-gke.11",
              "1.13.11-gke.9",
              "1.13.11-gke.5",
              "1.13.10-gke.7",
              "1.13.10-gke.0",
              "1.13.9-gke.11",
              "1.13.9-gke.3",
              "1.13.7-gke.24",
              "1.13.7-gke.19",
              "1.13.7-gke.15",
              "1.13.7-gke.8",
              "1.13.7-gke.0",
              "1.13.6-gke.13",
              "1.13.6-gke.6",
              "1.13.6-gke.5",
              "1.13.6-gke.0",
              "1.13.5-gke.10",
              "1.12.10-gke.22",
              "1.12.10-gke.20",
              "1.12.10-gke.19",
              "1.12.10-gke.18",
              "1.12.10-gke.17",
              "1.12.10-gke.15",
              "1.12.10-gke.13",
              "1.12.10-gke.11",
              "1.12.10-gke.5",
              "1.12.9-gke.16",
              "1.12.9-gke.15",
              "1.12.9-gke.13",
              "1.12.9-gke.10",
              "1.12.9-gke.7",
              "1.12.9-gke.3",
              "1.12.8-gke.12",
              "1.12.8-gke.10",
              "1.12.8-gke.7",
              "1.12.8-gke.6",
              "1.12.7-gke.26",
              "1.12.7-gke.25",
              "1.12.7-gke.24",
              "1.12.7-gke.22",
              "1.12.7-gke.21",
              "1.12.7-gke.17",
              "1.12.7-gke.10",
              "1.12.7-gke.7",
              "1.12.6-gke.11",
              "1.12.6-gke.10",
              "1.12.6-gke.7",
              "1.12.5-gke.10",
              "1.12.5-gke.5",
              "1.11.10-gke.6",
              "1.11.10-gke.5",
              "1.11.10-gke.4",
              "1.11.9-gke.13",
              "1.11.9-gke.8",
              "1.11.9-gke.5",
              "1.11.8-gke.10",
              "1.11.8-gke.6",
              "1.11.8-gke.5",
              "1.11.8-gke.4",
              "1.11.7-gke.18",
              "1.11.7-gke.12",
              "1.11.7-gke.6",
              "1.11.7-gke.4",
              "1.11.6-gke.16",
              "1.11.6-gke.11",
              "1.11.6-gke.6",
              "1.11.6-gke.3",
              "1.11.6-gke.2",
              "1.11.6-gke.0",
              "1.11.5-gke.5",
              "1.11.5-gke.4",
              "1.11.4-gke.13",
              "1.11.4-gke.12",
              "1.11.4-gke.8",
              "1.11.3-gke.24",
              "1.11.3-gke.23",
              "1.11.3-gke.18",
              "1.11.2-gke.26",
              "1.11.2-gke.25",
              "1.11.2-gke.20",
              "1.11.2-gke.18",
              "1.11.2-gke.15",
              "1.11.2-gke.9",
              "1.10.12-gke.14",
              "1.10.12-gke.9",
              "1.10.12-gke.7",
              "1.10.12-gke.1",
              "1.10.12-gke.0",
              "1.10.11-gke.1",
              "1.10.9-gke.7",
              "1.10.9-gke.5",
              "1.10.9-gke.3",
              "1.10.9-gke.0",
              "1.10.7-gke.13",
              "1.10.7-gke.11",
              "1.10.7-gke.9",
              "1.10.7-gke.6",
              "1.10.7-gke.2",
              "1.10.7-gke.1",
              "1.10.6-gke.13",
              "1.10.6-gke.11",
              "1.10.6-gke.9",
              "1.10.6-gke.6",
              "1.10.6-gke.4",
              "1.10.6-gke.3",
              "1.10.6-gke.2",
              "1.10.6-gke.1",
              "1.10.5-gke.4",
              "1.10.5-gke.3",
              "1.10.5-gke.2",
              "1.10.5-gke.0",
              "1.10.4-gke.3",
              "1.10.4-gke.2",
              "1.10.4-gke.0",
              "1.10.2-gke.4",
              "1.10.2-gke.3",
              "1.10.2-gke.1",
              "1.9.7-gke.11",
              "1.9.7-gke.7",
              "1.9.7-gke.6",
              "1.9.7-gke.5",
              "1.9.7-gke.4",
              "1.9.7-gke.3",
              "1.9.7-gke.1",
              "1.9.7-gke.0",
              "1.9.6-gke.2",
              "1.9.6-gke.1",
              "1.9.3-gke.0",
              "1.8.12-gke.3",
              "1.8.12-gke.2",
              "1.8.12-gke.1",
              "1.8.12-gke.0",
              "1.8.10-gke.2",
              "1.8.10-gke.0",
              "1.8.9-gke.1",
              "1.8.8-gke.0",
              "1.7.15-gke.0",
              "1.7.12-gke.2",
              "1.6.13-gke.1"
            ],
            "version_prefix": null,
            "zone": null
          }
        }
      ]
    },
    {
      "module": "module.gke",
      "mode": "data",
      "type": "google_container_engine_versions",
      "name": "zone",
      "provider": "provider.google",
      "instances": [
        {
          "schema_version": 0,
          "attributes": {
            "default_cluster_version": "1.14.10-gke.27",
            "id": "2020-04-07 04:52:50.434964 +0000 UTC",
            "latest_master_version": "1.15.11-gke.3",
            "latest_node_version": "1.15.11-gke.3",
            "location": "us-west2-a",
            "project": "digital-well-263405",
            "region": null,
            "valid_master_versions": [
              "1.15.11-gke.3",
              "1.15.11-gke.1",
              "1.15.9-gke.26",
              "1.15.9-gke.24",
              "1.14.10-gke.34",
              "1.14.10-gke.32",
              "1.14.10-gke.31",
              "1.14.10-gke.27"
            ],
            "valid_node_versions": [
              "1.15.11-gke.3",
              "1.15.11-gke.1",
              "1.15.9-gke.26",
              "1.15.9-gke.24",
              "1.15.9-gke.22",
              "1.15.9-gke.12",
              "1.15.9-gke.9",
              "1.15.9-gke.8",
              "1.15.8-gke.3",
              "1.15.8-gke.2",
              "1.15.7-gke.23",
              "1.15.7-gke.2",
              "1.15.4-gke.22",
              "1.14.10-gke.34",
              "1.14.10-gke.32",
              "1.14.10-gke.31",
              "1.14.10-gke.27",
              "1.14.10-gke.24",
              "1.14.10-gke.22",
              "1.14.10-gke.21",
              "1.14.10-gke.17",
              "1.14.10-gke.0",
              "1.14.9-gke.23",
              "1.14.9-gke.2",
              "1.14.9-gke.0",
              "1.14.8-gke.33",
              "1.14.8-gke.21",
              "1.14.8-gke.18",
              "1.14.8-gke.17",
              "1.14.8-gke.14",
              "1.14.8-gke.12",
              "1.14.8-gke.7",
              "1.14.8-gke.2",
              "1.14.7-gke.40",
              "1.14.7-gke.25",
              "1.14.7-gke.23",
              "1.14.7-gke.17",
              "1.14.7-gke.14",
              "1.14.7-gke.10",
              "1.14.6-gke.13",
              "1.14.6-gke.2",
              "1.14.6-gke.1",
              "1.14.3-gke.11",
              "1.14.3-gke.10",
              "1.14.3-gke.9",
              "1.14.2-gke.9",
              "1.14.1-gke.5",
              "1.13.12-gke.30",
              "1.13.12-gke.25",
              "1.13.12-gke.17",
              "1.13.12-gke.16",
              "1.13.12-gke.14",
              "1.13.12-gke.13",
              "1.13.12-gke.10",
              "1.13.12-gke.8",
              "1.13.12-gke.4",
              "1.13.12-gke.2",
              "1.13.11-gke.23",
              "1.13.11-gke.15",
              "1.13.11-gke.14",
              "1.13.11-gke.12",
              "1.13.11-gke.11",
              "1.13.11-gke.9",
              "1.13.11-gke.5",
              "1.13.10-gke.7",
              "1.13.10-gke.0",
              "1.13.9-gke.11",
              "1.13.9-gke.3",
              "1.13.7-gke.24",
              "1.13.7-gke.19",
              "1.13.7-gke.15",
              "1.13.7-gke.8",
              "1.13.7-gke.0",
              "1.13.6-gke.13",
              "1.13.6-gke.6",
              "1.13.6-gke.5",
              "1.13.6-gke.0",
              "1.13.5-gke.10",
              "1.12.10-gke.22",
              "1.12.10-gke.20",
              "1.12.10-gke.19",
              "1.12.10-gke.18",
              "1.12.10-gke.17",
              "1.12.10-gke.15",
              "1.12.10-gke.13",
              "1.12.10-gke.11",
              "1.12.10-gke.5",
              "1.12.9-gke.16",
              "1.12.9-gke.15",
              "1.12.9-gke.13",
              "1.12.9-gke.10",
              "1.12.9-gke.7",
              "1.12.9-gke.3",
              "1.12.8-gke.12",
              "1.12.8-gke.10",
              "1.12.8-gke.7",
              "1.12.8-gke.6",
              "1.12.7-gke.26",
              "1.12.7-gke.25",
              "1.12.7-gke.24",
              "1.12.7-gke.22",
              "1.12.7-gke.21",
              "1.12.7-gke.17",
              "1.12.7-gke.10",
              "1.12.7-gke.7",
              "1.12.6-gke.11",
              "1.12.6-gke.10",
              "1.12.6-gke.7",
              "1.12.5-gke.10",
              "1.12.5-gke.5",
              "1.11.10-gke.6",
              "1.11.10-gke.5",
              "1.11.10-gke.4",
              "1.11.9-gke.13",
              "1.11.9-gke.8",
              "1.11.9-gke.5",
              "1.11.8-gke.10",
              "1.11.8-gke.6",
              "1.11.8-gke.5",
              "1.11.8-gke.4",
              "1.11.7-gke.18",
              "1.11.7-gke.12",
              "1.11.7-gke.6",
              "1.11.7-gke.4",
              "1.11.6-gke.16",
              "1.11.6-gke.11",
              "1.11.6-gke.6",
              "1.11.6-gke.3",
              "1.11.6-gke.2",
              "1.11.6-gke.0",
              "1.11.5-gke.5",
              "1.11.5-gke.4",
              "1.11.4-gke.13",
              "1.11.4-gke.12",
              "1.11.4-gke.8",
              "1.11.3-gke.24",
              "1.11.3-gke.23",
              "1.11.3-gke.18",
              "1.11.2-gke.26",
              "1.11.2-gke.25",
              "1.11.2-gke.20",
              "1.11.2-gke.18",
              "1.11.2-gke.15",
              "1.11.2-gke.9",
              "1.10.12-gke.14",
              "1.10.12-gke.9",
              "1.10.12-gke.7",
              "1.10.12-gke.1",
              "1.10.12-gke.0",
              "1.10.11-gke.1",
              "1.10.9-gke.7",
              "1.10.9-gke.5",
              "1.10.9-gke.3",
              "1.10.9-gke.0",
              "1.10.7-gke.13",
              "1.10.7-gke.11",
              "1.10.7-gke.9",
              "1.10.7-gke.6",
              "1.10.7-gke.2",
              "1.10.7-gke.1",
              "1.10.6-gke.13",
              "1.10.6-gke.11",
              "1.10.6-gke.9",
              "1.10.6-gke.6",
              "1.10.6-gke.4",
              "1.10.6-gke.3",
              "1.10.6-gke.2",
              "1.10.6-gke.1",
              "1.10.5-gke.4",
              "1.10.5-gke.3",
              "1.10.5-gke.2",
              "1.10.5-gke.0",
              "1.10.4-gke.3",
              "1.10.4-gke.2",
              "1.10.4-gke.0",
              "1.10.2-gke.4",
              "1.10.2-gke.3",
              "1.10.2-gke.1",
              "1.9.7-gke.11",
              "1.9.7-gke.7",
              "1.9.7-gke.6",
              "1.9.7-gke.5",
              "1.9.7-gke.4",
              "1.9.7-gke.3",
              "1.9.7-gke.1",
              "1.9.7-gke.0",
              "1.9.6-gke.2",
              "1.9.6-gke.1",
              "1.9.3-gke.0",
              "1.8.12-gke.3",
              "1.8.12-gke.2",
              "1.8.12-gke.1",
              "1.8.12-gke.0",
              "1.8.10-gke.2",
              "1.8.10-gke.0",
              "1.8.9-gke.1",
              "1.8.8-gke.0",
              "1.7.15-gke.0",
              "1.7.12-gke.2",
              "1.6.13-gke.1"
            ],
            "version_prefix": null,
            "zone": null
          }
        }
      ]
    },
    {
      "module": "module.gke",
      "mode": "managed",
      "type": "google_container_cluster",
      "name": "primary",
      "provider": "provider.google",
      "instances": [
        {
          "schema_version": 1,
          "attributes": {
            "additional_zones": [
              "us-west2-a",
              "us-west2-b"
            ],
            "addons_config": [
              {
                "horizontal_pod_autoscaling": [
                  {
                    "disabled": false
                  }
                ],
                "http_load_balancing": [
                  {
                    "disabled": true
                  }
                ],
                "kubernetes_dashboard": [
                  {
                    "disabled": true
                  }
                ],
                "network_policy_config": [
                  {
                    "disabled": false
                  }
                ]
              }
            ],
            "cluster_autoscaling": [],
            "cluster_ipv4_cidr": "10.32.0.0/14",
            "default_max_pods_per_node": 110,
            "description": "",
            "enable_binary_authorization": null,
            "enable_intranode_visibility": null,
            "enable_kubernetes_alpha": false,
            "enable_legacy_abac": false,
            "enable_tpu": null,
            "endpoint": "35.236.90.109",
            "id": "gke-cluster-5",
            "initial_node_count": 0,
            "instance_group_urls": [
              "https://www.googleapis.com/compute/v1/projects/digital-well-263405/zones/us-west2-a/instanceGroups/gke-gke-cluster-5-default-pool-b23147b6-grp",
              "https://www.googleapis.com/compute/v1/projects/digital-well-263405/zones/us-west2-b/instanceGroups/gke-gke-cluster-5-default-pool-39baeef7-grp"
            ],
            "ip_allocation_policy": [
              {
                "cluster_ipv4_cidr_block": "10.32.0.0/14",
                "cluster_secondary_range_name": "gke-gke-cluster-5-pods-6091722f",
                "create_subnetwork": false,
                "node_ipv4_cidr_block": "10.168.0.0/20",
                "services_ipv4_cidr_block": "10.36.0.0/20",
                "services_secondary_range_name": "gke-gke-cluster-5-services-6091722f",
                "subnetwork_name": "",
                "use_ip_aliases": true
              }
            ],
            "location": "us-west2",
            "logging_service": "logging.googleapis.com/kubernetes",
            "maintenance_policy": [
              {
                "daily_maintenance_window": [
                  {
                    "duration": "PT4H0M0S",
                    "start_time": "05:00"
                  }
                ]
              }
            ],
            "master_auth": [
              {
                "client_certificate": "",
                "client_certificate_config": [
                  {
                    "issue_client_certificate": false
                  }
                ],
                "client_key": "",
                "cluster_ca_certificate": "LS0tLS1CRUdJTiBDRVJUSUZJQ0FURS0tLS0tCk1JSURDekNDQWZPZ0F3SUJBZ0lRTTNuMHVUK25YMDdUS1hBdUxQcEpSekFOQmdrcWhraUc5dzBCQVFzRkFEQXYKTVMwd0t3WURWUVFERXlSak16QTFObVF6WkMxbVlUTTFMVFJtTWpBdFlqSXlaUzAzTW1JM01EZ3lNR0V3WkRZdwpIaGNOTWpBd05EQTNNRE0xTWpVMVdoY05NalV3TkRBMk1EUTFNalUxV2pBdk1TMHdLd1lEVlFRREV5UmpNekExCk5tUXpaQzFtWVRNMUxUUm1NakF0WWpJeVpTMDNNbUkzTURneU1HRXdaRFl3Z2dFaU1BMEdDU3FHU0liM0RRRUIKQVFVQUE0SUJEd0F3Z2dFS0FvSUJBUURBb2tOTTVKOUgwZ3pOSDc4MFhmSWIxVVFNbEhIVWRBZTJBSTdJSzYwcwpYQmpyMkFrZ2F0V0lMVDRxTXRqRTcvRFlKNWdBV2Zrak0zYXcxSkVVWkMzdmVIbjVab0FpcXVTOHV4VHl4eWdsCnBGMmFJSG1Zb0llcXBDWG1uellXeUJ4Sm5PcXRIM3RkTWM2OGhkajcrNlVma0djM1BPdmt4dmplWGlKM0hhSkYKVzdqV2ZwajlZclo5Y1JPKzM2S01lTXBOSmt6SXBzY0tUV3JabE1VWExheGc2VzdkdVJabVJMb3lxY0FGVWN6YQo4b2dTdWdyb0kxWHVEZm5ISTE3dkVERGFza2JMSEhUUWV4QnJpeXZXbWc4RHdFenkwUzNndmNRVXYzcHNPWUNNCkdLR1dEczhNMmp1K0ZWQmNGS1Z1QzZmbUtOQkNsdVFjZGFzV29DLzBCczd2QWdNQkFBR2pJekFoTUE0R0ExVWQKRHdFQi93UUVBd0lDQkRBUEJnTlZIUk1CQWY4RUJUQURBUUgvTUEwR0NTcUdTSWIzRFFFQkN3VUFBNElCQVFCcwpDUDhjQi9JSDU1MFY4WmNYc2h1YWQ1RE96cjNsK0RnbStwdzUzUnF1a2VuVlRwdDBULzIzbmZFQ2M1NjJmTXpOCnk3RFNsaCtoMVNwTG94SXZmMUpWN3V4RFh2S0ZkMjdUek4rL1JpbWcxc1FNMm9GYTcrY05GY0xveHV1K3BUNTAKWFFDMXZPb0pBa0lIYlpKbExmRS82MW1GWUtLOEZDOGZXYmYzdFpDK3pDYytuWjd0TEdGLzRzcHBDSW5pd1FtTQozRnJZdnF1djdQQlYzRTBNbEVNN1dSRGhVQ3dOTzBray9KZGt0WEEyajBtVnlBOXFPQTdPMlpUU05HWGlqTmlHCm0zYml5aXoxM2ZiRjUxcXhhOWtxNXJRWWdNbFpRazJjWWd2MGNYMVZmTjhKb2REaXAzTjAvU0laOElrcmZMK3gKSlRPM0FkekdwVHJkaWRmYUYwNEYKLS0tLS1FTkQgQ0VSVElGSUNBVEUtLS0tLQo=",
                "password": "",
                "username": ""
              }
            ],
            "master_authorized_networks_config": [],
            "master_version": "1.15.11-gke.3",
            "min_master_version": "1.15.11-gke.3",
            "monitoring_service": "monitoring.googleapis.com/kubernetes",
            "name": "gke-cluster-5",
            "network": "projects/digital-well-263405/global/networks/default",
            "network_policy": [
              {
                "enabled": true,
                "provider": "CALICO"
              }
            ],
            "node_config": [
              {
                "disk_size_gb": 100,
                "disk_type": "pd-standard",
                "guest_accelerator": [],
                "image_type": "COS",
                "labels": {},
                "local_ssd_count": 0,
                "machine_type": "n1-standard-1",
                "metadata": {
                  "disable-legacy-endpoints": "true"
                },
                "min_cpu_platform": "",
                "oauth_scopes": [
                  "https://www.googleapis.com/auth/logging.write",
                  "https://www.googleapis.com/auth/monitoring"
                ],
                "preemptible": false,
                "sandbox_config": [],
                "service_account": "svc-acct@digital-well-263405.iam.gserviceaccount.com",
                "shielded_instance_config": [
                  {
                    "enable_integrity_monitoring": true,
                    "enable_secure_boot": false
                  }
                ],
                "tags": [],
                "taint": [],
                "workload_metadata_config": []
              }
            ],
            "node_locations": [
              "us-west2-a",
              "us-west2-b"
            ],
            "node_pool": [
              {
                "autoscaling": [],
                "initial_node_count": 0,
                "instance_group_urls": [
                  "https://www.googleapis.com/compute/v1/projects/digital-well-263405/zones/us-west2-a/instanceGroupManagers/gke-gke-cluster-5-default-pool-b23147b6-grp",
                  "https://www.googleapis.com/compute/v1/projects/digital-well-263405/zones/us-west2-b/instanceGroupManagers/gke-gke-cluster-5-default-pool-39baeef7-grp"
                ],
                "management": [
                  {
                    "auto_repair": false,
                    "auto_upgrade": true
                  }
                ],
                "max_pods_per_node": 110,
                "name": "default-pool",
                "name_prefix": "",
                "node_config": [
                  {
                    "disk_size_gb": 100,
                    "disk_type": "pd-standard",
                    "guest_accelerator": [],
                    "image_type": "COS",
                    "labels": {},
                    "local_ssd_count": 0,
                    "machine_type": "n1-standard-1",
                    "metadata": {
                      "disable-legacy-endpoints": "true"
                    },
                    "min_cpu_platform": "",
                    "oauth_scopes": [
                      "https://www.googleapis.com/auth/logging.write",
                      "https://www.googleapis.com/auth/monitoring"
                    ],
                    "preemptible": false,
                    "sandbox_config": [],
                    "service_account": "svc-acct@digital-well-263405.iam.gserviceaccount.com",
                    "shielded_instance_config": [
                      {
                        "enable_integrity_monitoring": true,
                        "enable_secure_boot": false
                      }
                    ],
                    "tags": null,
                    "taint": [],
                    "workload_metadata_config": []
                  }
                ],
                "node_count": 0,
                "version": "1.15.11-gke.3"
              }
            ],
            "node_version": "1.15.11-gke.3",
            "pod_security_policy_config": [],
            "private_cluster_config": [],
            "project": "digital-well-263405",
            "region": "us-west2",
            "remove_default_node_pool": false,
            "resource_labels": null,
            "services_ipv4_cidr": "10.36.0.0/20",
            "subnetwork": "projects/digital-well-263405/regions/us-west2/subnetworks/default",
            "timeouts": {
              "create": "45m",
              "delete": "45m",
              "update": "45m"
            },
            "zone": null
          },
          "private": "eyJlMmJmYjczMC1lY2FhLTExZTYtOGY4OC0zNDM2M2JjN2M0YzAiOnsiY3JlYXRlIjoyNzAwMDAwMDAwMDAwLCJkZWxldGUiOjI3MDAwMDAwMDAwMDAsInVwZGF0ZSI6MjcwMDAwMDAwMDAwMH0sInNjaGVtYV92ZXJzaW9uIjoiMSJ9",
          "dependencies": [
            "module.gke.google_service_account.cluster_service_account",
            "module.gke.random_shuffle.available_zones",
            "module.gke.random_string.cluster_service_account_suffix"
          ]
        }
      ]
    },
    {
      "module": "module.gke",
      "mode": "managed",
      "type": "google_container_node_pool",
      "name": "pools",
      "each": "map",
      "provider": "provider.google",
      "instances": [
        {
          "index_key": "default-node-pool",
          "schema_version": 1,
          "attributes": {
            "autoscaling": [
              {
                "max_node_count": 4,
                "min_node_count": 3
              }
            ],
            "cluster": "gke-cluster-5",
            "id": "us-west2/gke-cluster-5/default-node-pool",
            "initial_node_count": 3,
            "instance_group_urls": [
              "https://www.googleapis.com/compute/v1/projects/digital-well-263405/zones/us-west2-a/instanceGroupManagers/gke-gke-cluster-5-default-node-pool-5c1da01c-grp",
              "https://www.googleapis.com/compute/v1/projects/digital-well-263405/zones/us-west2-b/instanceGroupManagers/gke-gke-cluster-5-default-node-pool-caae77d1-grp"
            ],
            "location": "us-west2",
            "management": [
              {
                "auto_repair": true,
                "auto_upgrade": true
              }
            ],
            "max_pods_per_node": 110,
            "name": "default-node-pool",
            "name_prefix": "",
            "node_config": [
              {
                "disk_size_gb": 10,
                "disk_type": "pd-standard",
                "guest_accelerator": [],
                "image_type": "COS",
                "labels": {
                  "cluster_name": "gke-cluster-5",
                  "default-node-pool": "true",
                  "node_pool": "default-node-pool"
                },
                "local_ssd_count": 0,
                "machine_type": "e2-small",
                "metadata": {
                  "cluster_name": "gke-cluster-5",
                  "disable-legacy-endpoints": "true",
                  "node-pool-metadata-custom-value": "my-node-pool",
                  "node_pool": "default-node-pool"
                },
                "min_cpu_platform": "",
                "oauth_scopes": [
                  "https://www.googleapis.com/auth/cloud-platform"
                ],
                "preemptible": false,
                "sandbox_config": [],
                "service_account": "svc-acct@digital-well-263405.iam.gserviceaccount.com",
                "shielded_instance_config": [
                  {
                    "enable_integrity_monitoring": true,
                    "enable_secure_boot": false
                  }
                ],
                "tags": [
                  "gke-gke-cluster-5",
                  "gke-gke-cluster-5-default-node-pool",
                  "default-node-pool"
                ],
                "taint": [],
                "workload_metadata_config": []
              }
            ],
            "node_count": 3,
            "project": "digital-well-263405",
            "region": "us-west2",
            "timeouts": {
              "create": "45m",
              "delete": "45m",
              "update": "45m"
            },
            "version": "1.15.11-gke.3",
            "zone": null
          },
          "private": "eyJlMmJmYjczMC1lY2FhLTExZTYtOGY4OC0zNDM2M2JjN2M0YzAiOnsiY3JlYXRlIjoyNzAwMDAwMDAwMDAwLCJkZWxldGUiOjI3MDAwMDAwMDAwMDAsInVwZGF0ZSI6MjcwMDAwMDAwMDAwMH0sInNjaGVtYV92ZXJzaW9uIjoiMSJ9",
          "dependencies": [
            "module.gke.google_container_cluster.primary",
            "module.gke.google_service_account.cluster_service_account",
            "module.gke.random_shuffle.available_zones",
            "module.gke.random_string.cluster_service_account_suffix"
          ]
        }
      ]
    },
    {
      "module": "module.gke",
      "mode": "managed",
      "type": "google_project_iam_member",
      "name": "cluster_service_account-gcr",
      "each": "list",
      "provider": "provider.google",
      "instances": []
    },
    {
      "module": "module.gke",
      "mode": "managed",
      "type": "google_project_iam_member",
      "name": "cluster_service_account-log_writer",
      "each": "list",
      "provider": "provider.google",
      "instances": [
        {
          "index_key": 0,
          "schema_version": 0,
          "attributes": {
            "etag": "BwWirCjKVms=",
            "id": "digital-well-263405/roles/logging.logWriter/serviceaccount:tf-gke-gke-cluster-5-xs6w@digital-well-263405.iam.gserviceaccount.com",
            "member": "serviceAccount:tf-gke-gke-cluster-5-xs6w@digital-well-263405.iam.gserviceaccount.com",
            "project": "digital-well-263405",
            "role": "roles/logging.logWriter"
          },
          "private": "bnVsbA==",
          "dependencies": [
            "module.gke.google_service_account.cluster_service_account",
            "module.gke.random_string.cluster_service_account_suffix"
          ]
        }
      ]
    },
    {
      "module": "module.gke",
      "mode": "managed",
      "type": "google_project_iam_member",
      "name": "cluster_service_account-metric_writer",
      "each": "list",
      "provider": "provider.google",
      "instances": [
        {
          "index_key": 0,
          "schema_version": 0,
          "attributes": {
            "etag": "BwWirCmr+bw=",
            "id": "digital-well-263405/roles/monitoring.metricWriter/serviceaccount:tf-gke-gke-cluster-5-xs6w@digital-well-263405.iam.gserviceaccount.com",
            "member": "serviceAccount:tf-gke-gke-cluster-5-xs6w@digital-well-263405.iam.gserviceaccount.com",
            "project": "digital-well-263405",
            "role": "roles/monitoring.metricWriter"
          },
          "private": "bnVsbA==",
          "dependencies": [
            "module.gke.google_project_iam_member.cluster_service_account-log_writer",
            "module.gke.google_service_account.cluster_service_account",
            "module.gke.random_string.cluster_service_account_suffix"
          ]
        }
      ]
    },
    {
      "module": "module.gke",
      "mode": "managed",
      "type": "google_project_iam_member",
      "name": "cluster_service_account-monitoring_viewer",
      "each": "list",
      "provider": "provider.google",
      "instances": [
        {
          "index_key": 0,
          "schema_version": 0,
          "attributes": {
            "etag": "BwWirCqVkbU=",
            "id": "digital-well-263405/roles/monitoring.viewer/serviceaccount:tf-gke-gke-cluster-5-xs6w@digital-well-263405.iam.gserviceaccount.com",
            "member": "serviceAccount:tf-gke-gke-cluster-5-xs6w@digital-well-263405.iam.gserviceaccount.com",
            "project": "digital-well-263405",
            "role": "roles/monitoring.viewer"
          },
          "private": "bnVsbA==",
          "dependencies": [
            "module.gke.google_project_iam_member.cluster_service_account-log_writer",
            "module.gke.google_project_iam_member.cluster_service_account-metric_writer",
            "module.gke.google_service_account.cluster_service_account",
            "module.gke.random_string.cluster_service_account_suffix"
          ]
        }
      ]
    },
    {
      "module": "module.gke",
      "mode": "managed",
      "type": "google_service_account",
      "name": "cluster_service_account",
      "each": "list",
      "provider": "provider.google",
      "instances": [
        {
          "index_key": 0,
          "schema_version": 0,
          "attributes": {
            "account_id": "tf-gke-gke-cluster-5-xs6w",
            "description": "",
            "display_name": "Terraform-managed service account for cluster gke-cluster-5",
            "email": "tf-gke-gke-cluster-5-xs6w@digital-well-263405.iam.gserviceaccount.com",
            "id": "projects/digital-well-263405/serviceAccounts/tf-gke-gke-cluster-5-xs6w@digital-well-263405.iam.gserviceaccount.com",
            "name": "projects/digital-well-263405/serviceAccounts/tf-gke-gke-cluster-5-xs6w@digital-well-263405.iam.gserviceaccount.com",
            "policy_data": null,
            "project": "digital-well-263405",
            "unique_id": "101517334584396833929"
          },
          "private": "bnVsbA==",
          "dependencies": [
            "module.gke.random_string.cluster_service_account_suffix"
          ]
        }
      ]
    },
    {
      "module": "module.gke",
      "mode": "managed",
      "type": "kubernetes_config_map",
      "name": "ip-masq-agent",
      "each": "list",
      "provider": "module.gke.provider.kubernetes",
      "instances": []
    },
    {
      "module": "module.gke",
      "mode": "managed",
      "type": "kubernetes_config_map",
      "name": "kube-dns",
      "each": "list",
      "provider": "module.gke.provider.kubernetes",
      "instances": []
    },
    {
      "module": "module.gke",
      "mode": "managed",
      "type": "kubernetes_config_map",
      "name": "kube-dns-upstream-nameservers-and-stub-domains",
      "each": "list",
      "provider": "module.gke.provider.kubernetes",
      "instances": []
    },
    {
      "module": "module.gke",
      "mode": "managed",
      "type": "kubernetes_config_map",
      "name": "kube-dns-upstream-namservers",
      "each": "list",
      "provider": "module.gke.provider.kubernetes",
      "instances": []
    },
    {
      "module": "module.gke",
      "mode": "managed",
      "type": "null_resource",
      "name": "delete_default_kube_dns_configmap",
      "each": "list",
      "provider": "provider.null",
      "instances": []
    },
    {
      "module": "module.gke",
      "mode": "managed",
      "type": "null_resource",
      "name": "wait_for_cluster",
      "each": "list",
      "provider": "provider.null",
      "instances": [
        {
          "index_key": 0,
          "schema_version": 0,
          "attributes": {
            "id": "3663104066535844621",
            "triggers": {
              "name": "gke-cluster-5",
              "project_id": "digital-well-263405"
            }
          },
          "private": "bnVsbA==",
          "dependencies": [
            "module.gke.google_container_cluster.primary",
            "module.gke.google_container_node_pool.pools",
            "module.gke.google_service_account.cluster_service_account",
            "module.gke.random_shuffle.available_zones",
            "module.gke.random_string.cluster_service_account_suffix"
          ]
        }
      ]
    },
    {
      "module": "module.gke",
      "mode": "managed",
      "type": "random_shuffle",
      "name": "available_zones",
      "provider": "provider.random",
      "instances": [
        {
          "schema_version": 0,
          "attributes": {
            "id": "-",
            "input": [
              "us-west2-a",
              "us-west2-b",
              "us-west2-c"
            ],
            "keepers": null,
            "result": [
              "us-west2-b",
              "us-west2-c",
              "us-west2-a"
            ],
            "result_count": 3,
            "seed": null
          },
          "private": "bnVsbA=="
        }
      ]
    },
    {
      "module": "module.gke",
      "mode": "managed",
      "type": "random_string",
      "name": "cluster_service_account_suffix",
      "provider": "provider.random",
      "instances": [
        {
          "schema_version": 1,
          "attributes": {
            "id": "xs6w",
            "keepers": null,
            "length": 4,
            "lower": true,
            "min_lower": 0,
            "min_numeric": 0,
            "min_special": 0,
            "min_upper": 0,
            "number": true,
            "override_special": null,
            "result": "xs6w",
            "special": false,
            "upper": false
          },
          "private": "eyJzY2hlbWFfdmVyc2lvbiI6IjEifQ=="
        }
      ]
    }
  ]
}
